// !$*UTF8*$!
{
	archiveVersion = 1;
	classes = {
	};
	objectVersion = 56;
	objects = {

/* Begin PBXBuildFile section */
		456AE29F2B62FD7B00D9DA1A /* RealityKitContent in Frameworks */ = {isa = PBXBuildFile; productRef = 456AE29E2B62FD7B00D9DA1A /* RealityKitContent */; };
		456AE2A12B62FD7B00D9DA1A /* MultiWindowTestApp.swift in Sources */ = {isa = PBXBuildFile; fileRef = 456AE2A02B62FD7B00D9DA1A /* MultiWindowTestApp.swift */; };
		456AE2A72B62FD7B00D9DA1A /* ImageBasedLighting.skybox in Resources */ = {isa = PBXBuildFile; fileRef = 456AE2A62B62FD7B00D9DA1A /* ImageBasedLighting.skybox */; };
		456AE2A92B62FD7C00D9DA1A /* Assets.xcassets in Resources */ = {isa = PBXBuildFile; fileRef = 456AE2A82B62FD7C00D9DA1A /* Assets.xcassets */; };
		456AE2AC2B62FD7C00D9DA1A /* Preview Assets.xcassets in Resources */ = {isa = PBXBuildFile; fileRef = 456AE2AB2B62FD7C00D9DA1A /* Preview Assets.xcassets */; };
/* End PBXBuildFile section */

/* Begin PBXFileReference section */
		456AE2992B62FD7B00D9DA1A /* MultiWindowTest.app */ = {isa = PBXFileReference; explicitFileType = wrapper.application; includeInIndex = 0; path = MultiWindowTest.app; sourceTree = BUILT_PRODUCTS_DIR; };
		456AE29D2B62FD7B00D9DA1A /* RealityKitContent */ = {isa = PBXFileReference; lastKnownFileType = wrapper; path = RealityKitContent; sourceTree = "<group>"; };
		456AE2A02B62FD7B00D9DA1A /* MultiWindowTestApp.swift */ = {isa = PBXFileReference; lastKnownFileType = sourcecode.swift; path = MultiWindowTestApp.swift; sourceTree = "<group>"; };
		456AE2A62B62FD7B00D9DA1A /* ImageBasedLighting.skybox */ = {isa = PBXFileReference; lastKnownFileType = file.skybox; path = ImageBasedLighting.skybox; sourceTree = "<group>"; };
		456AE2A82B62FD7C00D9DA1A /* Assets.xcassets */ = {isa = PBXFileReference; lastKnownFileType = folder.assetcatalog; path = Assets.xcassets; sourceTree = "<group>"; };
		456AE2AB2B62FD7C00D9DA1A /* Preview Assets.xcassets */ = {isa = PBXFileReference; lastKnownFileType = folder.assetcatalog; path = "Preview Assets.xcassets"; sourceTree = "<group>"; };
		456AE2AD2B62FD7C00D9DA1A /* Info.plist */ = {isa = PBXFileReference; lastKnownFileType = text.plist.xml; path = Info.plist; sourceTree = "<group>"; };
/* End PBXFileReference section */

/* Begin PBXFrameworksBuildPhase section */
		456AE2962B62FD7B00D9DA1A /* Frameworks */ = {
			isa = PBXFrameworksBuildPhase;
			buildActionMask = 2147483647;
			files = (
				456AE29F2B62FD7B00D9DA1A /* RealityKitContent in Frameworks */,
			);
			runOnlyForDeploymentPostprocessing = 0;
		};
/* End PBXFrameworksBuildPhase section */

/* Begin PBXGroup section */
		456AE2902B62FD7B00D9DA1A = {
			isa = PBXGroup;
			children = (
				456AE29B2B62FD7B00D9DA1A /* MultiWindowTest */,
				456AE29C2B62FD7B00D9DA1A /* Packages */,
				456AE29A2B62FD7B00D9DA1A /* Products */,
			);
			sourceTree = "<group>";
		};
		456AE29A2B62FD7B00D9DA1A /* Products */ = {
			isa = PBXGroup;
			children = (
				456AE2992B62FD7B00D9DA1A /* MultiWindowTest.app */,
			);
			name = Products;
			sourceTree = "<group>";
		};
		456AE29B2B62FD7B00D9DA1A /* MultiWindowTest */ = {
			isa = PBXGroup;
			children = (
				456AE2A02B62FD7B00D9DA1A /* MultiWindowTestApp.swift */,
				456AE2A62B62FD7B00D9DA1A /* ImageBasedLighting.skybox */,
				456AE2A82B62FD7C00D9DA1A /* Assets.xcassets */,
				456AE2AD2B62FD7C00D9DA1A /* Info.plist */,
				456AE2AA2B62FD7C00D9DA1A /* Preview Content */,
			);
			path = MultiWindowTest;
			sourceTree = "<group>";
		};
		456AE29C2B62FD7B00D9DA1A /* Packages */ = {
			isa = PBXGroup;
			children = (
				456AE29D2B62FD7B00D9DA1A /* RealityKitContent */,
			);
			path = Packages;
			sourceTree = "<group>";
		};
		456AE2AA2B62FD7C00D9DA1A /* Preview Content */ = {
			isa = PBXGroup;
			children = (
				456AE2AB2B62FD7C00D9DA1A /* Preview Assets.xcassets */,
			);
			path = "Preview Content";
			sourceTree = "<group>";
		};
/* End PBXGroup section */

/* Begin PBXNativeTarget section */
		456AE2982B62FD7B00D9DA1A /* MultiWindowTest */ = {
			isa = PBXNativeTarget;
			buildConfigurationList = 456AE2B02B62FD7C00D9DA1A /* Build configuration list for PBXNativeTarget "MultiWindowTest" */;
			buildPhases = (
				456AE2952B62FD7B00D9DA1A /* Sources */,
				456AE2962B62FD7B00D9DA1A /* Frameworks */,
				456AE2972B62FD7B00D9DA1A /* Resources */,
			);
			buildRules = (
			);
			dependencies = (
			);
			name = MultiWindowTest;
			packageProductDependencies = (
				456AE29E2B62FD7B00D9DA1A /* RealityKitContent */,
			);
			productName = MultiWindowTest;
			productReference = 456AE2992B62FD7B00D9DA1A /* MultiWindowTest.app */;
			productType = "com.apple.product-type.application";
		};
/* End PBXNativeTarget section */

/* Begin PBXProject section */
		456AE2912B62FD7B00D9DA1A /* Project object */ = {
			isa = PBXProject;
			attributes = {
				BuildIndependentTargetsInParallel = 1;
				LastSwiftUpdateCheck = 1520;
				LastUpgradeCheck = 1520;
				TargetAttributes = {
					456AE2982B62FD7B00D9DA1A = {
						CreatedOnToolsVersion = 15.2;
					};
				};
			};
			buildConfigurationList = 456AE2942B62FD7B00D9DA1A /* Build configuration list for PBXProject "MultiWindowTest" */;
			compatibilityVersion = "Xcode 14.0";
			developmentRegion = en;
			hasScannedForEncodings = 0;
			knownRegions = (
				en,
				Base,
			);
			mainGroup = 456AE2902B62FD7B00D9DA1A;
			productRefGroup = 456AE29A2B62FD7B00D9DA1A /* Products */;
			projectDirPath = "";
			projectRoot = "";
			targets = (
				456AE2982B62FD7B00D9DA1A /* MultiWindowTest */,
			);
		};
/* End PBXProject section */

/* Begin PBXResourcesBuildPhase section */
		456AE2972B62FD7B00D9DA1A /* Resources */ = {
			isa = PBXResourcesBuildPhase;
			buildActionMask = 2147483647;
			files = (
				456AE2A92B62FD7C00D9DA1A /* Assets.xcassets in Resources */,
				456AE2AC2B62FD7C00D9DA1A /* Preview Assets.xcassets in Resources */,
				456AE2A72B62FD7B00D9DA1A /* ImageBasedLighting.skybox in Resources */,
			);
			runOnlyForDeploymentPostprocessing = 0;
		};
/* End PBXResourcesBuildPhase section */

/* Begin PBXSourcesBuildPhase section */
		456AE2952B62FD7B00D9DA1A /* Sources */ = {
			isa = PBXSourcesBuildPhase;
			buildActionMask = 2147483647;
			files = (
				456AE2A12B62FD7B00D9DA1A /* MultiWindowTestApp.swift in Sources */,
			);
			runOnlyForDeploymentPostprocessing = 0;
		};
/* End PBXSourcesBuildPhase section */

/* Begin XCBuildConfiguration section */
		456AE2AE2B62FD7C00D9DA1A /* Debug */ = {
			isa = XCBuildConfiguration;
			buildSettings = {
				ALWAYS_SEARCH_USER_PATHS = NO;
				ASSETCATALOG_COMPILER_GENERATE_SWIFT_ASSET_SYMBOL_EXTENSIONS = YES;
				CLANG_ANALYZER_NONNULL = YES;
				CLANG_ANALYZER_NUMBER_OBJECT_CONVERSION = YES_AGGRESSIVE;
				CLANG_CXX_LANGUAGE_STANDARD = "gnu++20";
				CLANG_ENABLE_MODULES = YES;
				CLANG_ENABLE_OBJC_ARC = YES;
				CLANG_ENABLE_OBJC_WEAK = YES;
				CLANG_WARN_BLOCK_CAPTURE_AUTORELEASING = YES;
				CLANG_WARN_BOOL_CONVERSION = YES;
				CLANG_WARN_COMMA = YES;
				CLANG_WARN_CONSTANT_CONVERSION = YES;
				CLANG_WARN_DEPRECATED_OBJC_IMPLEMENTATIONS = YES;
				CLANG_WARN_DIRECT_OBJC_ISA_USAGE = YES_ERROR;
				CLANG_WARN_DOCUMENTATION_COMMENTS = YES;
				CLANG_WARN_EMPTY_BODY = YES;
				CLANG_WARN_ENUM_CONVERSION = YES;
				CLANG_WARN_INFINITE_RECURSION = YES;
				CLANG_WARN_INT_CONVERSION = YES;
				CLANG_WARN_NON_LITERAL_NULL_CONVERSION = YES;
				CLANG_WARN_OBJC_IMPLICIT_RETAIN_SELF = YES;
				CLANG_WARN_OBJC_LITERAL_CONVERSION = YES;
				CLANG_WARN_OBJC_ROOT_CLASS = YES_ERROR;
				CLANG_WARN_QUOTED_INCLUDE_IN_FRAMEWORK_HEADER = YES;
				CLANG_WARN_RANGE_LOOP_ANALYSIS = YES;
				CLANG_WARN_STRICT_PROTOTYPES = YES;
				CLANG_WARN_SUSPICIOUS_MOVE = YES;
				CLANG_WARN_UNGUARDED_AVAILABILITY = YES_AGGRESSIVE;
				CLANG_WARN_UNREACHABLE_CODE = YES;
				CLANG_WARN__DUPLICATE_METHOD_MATCH = YES;
				COPY_PHASE_STRIP = NO;
				DEBUG_INFORMATION_FORMAT = dwarf;
				ENABLE_STRICT_OBJC_MSGSEND = YES;
				ENABLE_TESTABILITY = YES;
				ENABLE_USER_SCRIPT_SANDBOXING = YES;
				GCC_C_LANGUAGE_STANDARD = gnu17;
				GCC_DYNAMIC_NO_PIC = NO;
				GCC_NO_COMMON_BLOCKS = YES;
				GCC_OPTIMIZATION_LEVEL = 0;
				GCC_PREPROCESSOR_DEFINITIONS = (
					"DEBUG=1",
					"$(inherited)",
				);
				GCC_WARN_64_TO_32_BIT_CONVERSION = YES;
				GCC_WARN_ABOUT_RETURN_TYPE = YES_ERROR;
				GCC_WARN_UNDECLARED_SELECTOR = YES;
				GCC_WARN_UNINITIALIZED_AUTOS = YES_AGGRESSIVE;
				GCC_WARN_UNUSED_FUNCTION = YES;
				GCC_WARN_UNUSED_VARIABLE = YES;
				LOCALIZATION_PREFERS_STRING_CATALOGS = YES;
				MTL_ENABLE_DEBUG_INFO = INCLUDE_SOURCE;
				MTL_FAST_MATH = YES;
				ONLY_ACTIVE_ARCH = YES;
				SDKROOT = xros;
				SWIFT_ACTIVE_COMPILATION_CONDITIONS = "DEBUG $(inherited)";
				SWIFT_OPTIMIZATION_LEVEL = "-Onone";
				XROS_DEPLOYMENT_TARGET = 1.0;
			};
			name = Debug;
		};
		456AE2AF2B62FD7C00D9DA1A /* Release */ = {
			isa = XCBuildConfiguration;
			buildSettings = {
				ALWAYS_SEARCH_USER_PATHS = NO;
				ASSETCATALOG_COMPILER_GENERATE_SWIFT_ASSET_SYMBOL_EXTENSIONS = YES;
				CLANG_ANALYZER_NONNULL = YES;
				CLANG_ANALYZER_NUMBER_OBJECT_CONVERSION = YES_AGGRESSIVE;
				CLANG_CXX_LANGUAGE_STANDARD = "gnu++20";
				CLANG_ENABLE_MODULES = YES;
				CLANG_ENABLE_OBJC_ARC = YES;
				CLANG_ENABLE_OBJC_WEAK = YES;
				CLANG_WARN_BLOCK_CAPTURE_AUTORELEASING = YES;
				CLANG_WARN_BOOL_CONVERSION = YES;
				CLANG_WARN_COMMA = YES;
				CLANG_WARN_CONSTANT_CONVERSION = YES;
				CLANG_WARN_DEPRECATED_OBJC_IMPLEMENTATIONS = YES;
				CLANG_WARN_DIRECT_OBJC_ISA_USAGE = YES_ERROR;
				CLANG_WARN_DOCUMENTATION_COMMENTS = YES;
				CLANG_WARN_EMPTY_BODY = YES;
				CLANG_WARN_ENUM_CONVERSION = YES;
				CLANG_WARN_INFINITE_RECURSION = YES;
				CLANG_WARN_INT_CONVERSION = YES;
				CLANG_WARN_NON_LITERAL_NULL_CONVERSION = YES;
				CLANG_WARN_OBJC_IMPLICIT_RETAIN_SELF = YES;
				CLANG_WARN_OBJC_LITERAL_CONVERSION = YES;
				CLANG_WARN_OBJC_ROOT_CLASS = YES_ERROR;
				CLANG_WARN_QUOTED_INCLUDE_IN_FRAMEWORK_HEADER = YES;
				CLANG_WARN_RANGE_LOOP_ANALYSIS = YES;
				CLANG_WARN_STRICT_PROTOTYPES = YES;
				CLANG_WARN_SUSPICIOUS_MOVE = YES;
				CLANG_WARN_UNGUARDED_AVAILABILITY = YES_AGGRESSIVE;
				CLANG_WARN_UNREACHABLE_CODE = YES;
				CLANG_WARN__DUPLICATE_METHOD_MATCH = YES;
				COPY_PHASE_STRIP = NO;
				DEBUG_INFORMATION_FORMAT = "dwarf-with-dsym";
				ENABLE_NS_ASSERTIONS = NO;
				ENABLE_STRICT_OBJC_MSGSEND = YES;
				ENABLE_USER_SCRIPT_SANDBOXING = YES;
				GCC_C_LANGUAGE_STANDARD = gnu17;
				GCC_NO_COMMON_BLOCKS = YES;
				GCC_WARN_64_TO_32_BIT_CONVERSION = YES;
				GCC_WARN_ABOUT_RETURN_TYPE = YES_ERROR;
				GCC_WARN_UNDECLARED_SELECTOR = YES;
				GCC_WARN_UNINITIALIZED_AUTOS = YES_AGGRESSIVE;
				GCC_WARN_UNUSED_FUNCTION = YES;
				GCC_WARN_UNUSED_VARIABLE = YES;
				LOCALIZATION_PREFERS_STRING_CATALOGS = YES;
				MTL_ENABLE_DEBUG_INFO = NO;
				MTL_FAST_MATH = YES;
				SDKROOT = xros;
				SWIFT_COMPILATION_MODE = wholemodule;
				VALIDATE_PRODUCT = YES;
				XROS_DEPLOYMENT_TARGET = 1.0;
			};
			name = Release;
		};
		456AE2B12B62FD7C00D9DA1A /* Debug */ = {
			isa = XCBuildConfiguration;
			buildSettings = {
				ASSETCATALOG_COMPILER_APPICON_NAME = AppIcon;
				ASSETCATALOG_COMPILER_GLOBAL_ACCENT_COLOR_NAME = AccentColor;
				CODE_SIGN_STYLE = Automatic;
				CURRENT_PROJECT_VERSION = 1;
				DEVELOPMENT_ASSET_PATHS = "\"MultiWindowTest/Preview Content\"";
				DEVELOPMENT_TEAM = 6E23EP94PG;
				ENABLE_PREVIEWS = YES;
				GENERATE_INFOPLIST_FILE = YES;
				INFOPLIST_FILE = "$(TARGET_NAME)/Info.plist";
				LD_RUNPATH_SEARCH_PATHS = (
					"$(inherited)",
					"@executable_path/Frameworks",
				);
				MARKETING_VERSION = 1.0;
				PRODUCT_BUNDLE_IDENTIFIER = io.schwa.MultiWindowTest;
				PRODUCT_NAME = "$(TARGET_NAME)";
				SUPPORTED_PLATFORMS = "xros xrsimulator";
				SWIFT_EMIT_LOC_STRINGS = YES;
				SWIFT_VERSION = 5.0;
				TARGETED_DEVICE_FAMILY = "1,2,7";
			};
			name = Debug;
		};
		456AE2B22B62FD7C00D9DA1A /* Release */ = {
			isa = XCBuildConfiguration;
			buildSettings = {
				ASSETCATALOG_COMPILER_APPICON_NAME = AppIcon;
				ASSETCATALOG_COMPILER_GLOBAL_ACCENT_COLOR_NAME = AccentColor;
				CODE_SIGN_STYLE = Automatic;
				CURRENT_PROJECT_VERSION = 1;
				DEVELOPMENT_ASSET_PATHS = "\"MultiWindowTest/Preview Content\"";
				DEVELOPMENT_TEAM = 6E23EP94PG;
				ENABLE_PREVIEWS = YES;
				GENERATE_INFOPLIST_FILE = YES;
				INFOPLIST_FILE = "$(TARGET_NAME)/Info.plist";
				LD_RUNPATH_SEARCH_PATHS = (
					"$(inherited)",
					"@executable_path/Frameworks",
				);
				MARKETING_VERSION = 1.0;
				PRODUCT_BUNDLE_IDENTIFIER = io.schwa.MultiWindowTest;
				PRODUCT_NAME = "$(TARGET_NAME)";
				SUPPORTED_PLATFORMS = "xros xrsimulator";
				SWIFT_EMIT_LOC_STRINGS = YES;
				SWIFT_VERSION = 5.0;
				TARGETED_DEVICE_FAMILY = "1,2,7";
			};
			name = Release;
		};
/* End XCBuildConfiguration section */

/* Begin XCConfigurationList section */
		456AE2942B62FD7B00D9DA1A /* Build configuration list for PBXProject "MultiWindowTest" */ = {
			isa = XCConfigurationList;
			buildConfigurations = (
				456AE2AE2B62FD7C00D9DA1A /* Debug */,
				456AE2AF2B62FD7C00D9DA1A /* Release */,
			);
			defaultConfigurationIsVisible = 0;
			defaultConfigurationName = Release;
		};
		456AE2B02B62FD7C00D9DA1A /* Build configuration list for PBXNativeTarget "MultiWindowTest" */ = {
			isa = XCConfigurationList;
			buildConfigurations = (
				456AE2B12B62FD7C00D9DA1A /* Debug */,
				456AE2B22B62FD7C00D9DA1A /* Release */,
			);
			defaultConfigurationIsVisible = 0;
			defaultConfigurationName = Release;
		};
/* End XCConfigurationList section */

/* Begin XCSwiftPackageProductDependency section */
		456AE29E2B62FD7B00D9DA1A /* RealityKitContent */ = {
			isa = XCSwiftPackageProductDependency;
			productName = RealityKitContent;
		};
/* End XCSwiftPackageProductDependency section */
	};
	rootObject = 456AE2912B62FD7B00D9DA1A /* Project object */;
}
